// !$*UTF8*$!
{
	archiveVersion = 1;
	classes = {
	};
	objectVersion = 50;
	objects = {

/* Begin PBXBuildFile section */
		CF2B43C320DF4912006104AF /* AppDelegate.m in Sources */ = {isa = PBXBuildFile; fileRef = CF2B43C220DF4912006104AF /* AppDelegate.m */; };
		CF2B43C620DF4912006104AF /* ViewController.m in Sources */ = {isa = PBXBuildFile; fileRef = CF2B43C520DF4912006104AF /* ViewController.m */; };
		CF2B43C920DF4912006104AF /* Main.storyboard in Resources */ = {isa = PBXBuildFile; fileRef = CF2B43C720DF4912006104AF /* Main.storyboard */; };
		CF2B43CB20DF4915006104AF /* Assets.xcassets in Resources */ = {isa = PBXBuildFile; fileRef = CF2B43CA20DF4915006104AF /* Assets.xcassets */; };
		CF2B43CE20DF4915006104AF /* LaunchScreen.storyboard in Resources */ = {isa = PBXBuildFile; fileRef = CF2B43CC20DF4915006104AF /* LaunchScreen.storyboard */; };
		CF2B43D120DF4915006104AF /* main.m in Sources */ = {isa = PBXBuildFile; fileRef = CF2B43D020DF4915006104AF /* main.m */; };
		CF2B43DB20DF4916006104AF /* SAVPlayerTests.m in Sources */ = {isa = PBXBuildFile; fileRef = CF2B43DA20DF4916006104AF /* SAVPlayerTests.m */; };
		CF2B43E620DF4916006104AF /* SAVPlayerUITests.m in Sources */ = {isa = PBXBuildFile; fileRef = CF2B43E520DF4916006104AF /* SAVPlayerUITests.m */; };
		CF2B43F520E1E2F4006104AF /* SVideoCell.m in Sources */ = {isa = PBXBuildFile; fileRef = CF2B43F420E1E2F4006104AF /* SVideoCell.m */; };
		CF2B43F920E1E40F006104AF /* SPlayer.m in Sources */ = {isa = PBXBuildFile; fileRef = CF2B43F820E1E40F006104AF /* SPlayer.m */; };
		CF2B43FC20E1E458006104AF /* SPlayerViewBottomView.m in Sources */ = {isa = PBXBuildFile; fileRef = CF2B43FB20E1E458006104AF /* SPlayerViewBottomView.m */; };
		CF2B43FF20E1E49C006104AF /* SPlayerProgressView.m in Sources */ = {isa = PBXBuildFile; fileRef = CF2B43FE20E1E49C006104AF /* SPlayerProgressView.m */; };
		CF2B440220E1E4C2006104AF /* SPlayerView.m in Sources */ = {isa = PBXBuildFile; fileRef = CF2B440120E1E4C2006104AF /* SPlayerView.m */; };
		CF2B440520E1E505006104AF /* SForwardView.m in Sources */ = {isa = PBXBuildFile; fileRef = CF2B440420E1E505006104AF /* SForwardView.m */; };
		CF2B440820E1E524006104AF /* SPlayerViewTopView.m in Sources */ = {isa = PBXBuildFile; fileRef = CF2B440720E1E524006104AF /* SPlayerViewTopView.m */; };
		CF2B442320E1E5D8006104AF /* NSLayoutConstraint+MASDebugAdditions.m in Sources */ = {isa = PBXBuildFile; fileRef = CF2B440B20E1E5D8006104AF /* NSLayoutConstraint+MASDebugAdditions.m */; };
		CF2B442420E1E5D8006104AF /* ViewController+MASAdditions.m in Sources */ = {isa = PBXBuildFile; fileRef = CF2B441420E1E5D8006104AF /* ViewController+MASAdditions.m */; };
		CF2B442520E1E5D8006104AF /* MASCompositeConstraint.m in Sources */ = {isa = PBXBuildFile; fileRef = CF2B441820E1E5D8006104AF /* MASCompositeConstraint.m */; };
		CF2B442620E1E5D8006104AF /* MASConstraintMaker.m in Sources */ = {isa = PBXBuildFile; fileRef = CF2B441920E1E5D8006104AF /* MASConstraintMaker.m */; };
		CF2B442720E1E5D8006104AF /* MASLayoutConstraint.m in Sources */ = {isa = PBXBuildFile; fileRef = CF2B441A20E1E5D8006104AF /* MASLayoutConstraint.m */; };
		CF2B442820E1E5D8006104AF /* NSArray+MASAdditions.m in Sources */ = {isa = PBXBuildFile; fileRef = CF2B441B20E1E5D8006104AF /* NSArray+MASAdditions.m */; };
		CF2B442920E1E5D8006104AF /* View+MASAdditions.m in Sources */ = {isa = PBXBuildFile; fileRef = CF2B441C20E1E5D8006104AF /* View+MASAdditions.m */; };
		CF2B442A20E1E5D8006104AF /* MASConstraint.m in Sources */ = {isa = PBXBuildFile; fileRef = CF2B441F20E1E5D8006104AF /* MASConstraint.m */; };
		CF2B442B20E1E5D8006104AF /* MASViewConstraint.m in Sources */ = {isa = PBXBuildFile; fileRef = CF2B442120E1E5D8006104AF /* MASViewConstraint.m */; };
		CF2B442C20E1E5D8006104AF /* MASViewAttribute.m in Sources */ = {isa = PBXBuildFile; fileRef = CF2B442220E1E5D8006104AF /* MASViewAttribute.m */; };
		CF2B442E20E1E621006104AF /* PlayerTool.bundle in Resources */ = {isa = PBXBuildFile; fileRef = CF2B442D20E1E620006104AF /* PlayerTool.bundle */; };
		CF2B443120E235E9006104AF /* SVideo.m in Sources */ = {isa = PBXBuildFile; fileRef = CF2B443020E235E9006104AF /* SVideo.m */; };
		CF2B443820E23637006104AF /* NSObject+YYModel.m in Sources */ = {isa = PBXBuildFile; fileRef = CF2B443520E23637006104AF /* NSObject+YYModel.m */; };
		CF2B443920E23637006104AF /* YYClassInfo.m in Sources */ = {isa = PBXBuildFile; fileRef = CF2B443620E23637006104AF /* YYClassInfo.m */; };
		CF2B443C20E239AB006104AF /* SVideoPlayController.m in Sources */ = {isa = PBXBuildFile; fileRef = CF2B443B20E239AB006104AF /* SVideoPlayController.m */; };
		CF2B446720E23C07006104AF /* LICENSE in Resources */ = {isa = PBXBuildFile; fileRef = CF2B443E20E23C07006104AF /* LICENSE */; };
		CF2B446820E23C07006104AF /* README.md in Resources */ = {isa = PBXBuildFile; fileRef = CF2B443F20E23C07006104AF /* README.md */; };
		CF2B446920E23C07006104AF /* UIAlertView+AFNetworking.m in Sources */ = {isa = PBXBuildFile; fileRef = CF2B444120E23C07006104AF /* UIAlertView+AFNetworking.m */; };
		CF2B446A20E23C07006104AF /* UIProgressView+AFNetworking.m in Sources */ = {isa = PBXBuildFile; fileRef = CF2B444220E23C07006104AF /* UIProgressView+AFNetworking.m */; };
		CF2B446B20E23C07006104AF /* UIRefreshControl+AFNetworking.m in Sources */ = {isa = PBXBuildFile; fileRef = CF2B444420E23C07006104AF /* UIRefreshControl+AFNetworking.m */; };
		CF2B446C20E23C07006104AF /* AFNetworkActivityIndicatorManager.m in Sources */ = {isa = PBXBuildFile; fileRef = CF2B444620E23C07006104AF /* AFNetworkActivityIndicatorManager.m */; };
		CF2B446D20E23C07006104AF /* UIImageView+AFNetworking.m in Sources */ = {isa = PBXBuildFile; fileRef = CF2B444C20E23C07006104AF /* UIImageView+AFNetworking.m */; };
		CF2B446E20E23C07006104AF /* UIButton+AFNetworking.m in Sources */ = {isa = PBXBuildFile; fileRef = CF2B444F20E23C07006104AF /* UIButton+AFNetworking.m */; };
		CF2B446F20E23C07006104AF /* UIActivityIndicatorView+AFNetworking.m in Sources */ = {isa = PBXBuildFile; fileRef = CF2B445020E23C07006104AF /* UIActivityIndicatorView+AFNetworking.m */; };
		CF2B447020E23C07006104AF /* UIWebView+AFNetworking.m in Sources */ = {isa = PBXBuildFile; fileRef = CF2B445120E23C07006104AF /* UIWebView+AFNetworking.m */; };
		CF2B447120E23C07006104AF /* AFURLResponseSerialization.m in Sources */ = {isa = PBXBuildFile; fileRef = CF2B445B20E23C07006104AF /* AFURLResponseSerialization.m */; };
		CF2B447220E23C07006104AF /* AFHTTPSessionManager.m in Sources */ = {isa = PBXBuildFile; fileRef = CF2B445C20E23C07006104AF /* AFHTTPSessionManager.m */; };
		CF2B447320E23C07006104AF /* AFURLConnectionOperation.m in Sources */ = {isa = PBXBuildFile; fileRef = CF2B445D20E23C07006104AF /* AFURLConnectionOperation.m */; };
		CF2B447420E23C07006104AF /* AFURLSessionManager.m in Sources */ = {isa = PBXBuildFile; fileRef = CF2B445F20E23C07006104AF /* AFURLSessionManager.m */; };
		CF2B447520E23C07006104AF /* AFHTTPRequestOperationManager.m in Sources */ = {isa = PBXBuildFile; fileRef = CF2B446020E23C07006104AF /* AFHTTPRequestOperationManager.m */; };
		CF2B447620E23C07006104AF /* AFURLRequestSerialization.m in Sources */ = {isa = PBXBuildFile; fileRef = CF2B446120E23C07006104AF /* AFURLRequestSerialization.m */; };
		CF2B447720E23C07006104AF /* AFHTTPRequestOperation.m in Sources */ = {isa = PBXBuildFile; fileRef = CF2B446220E23C07006104AF /* AFHTTPRequestOperation.m */; };
		CF2B447820E23C07006104AF /* AFNetworkReachabilityManager.m in Sources */ = {isa = PBXBuildFile; fileRef = CF2B446420E23C07006104AF /* AFNetworkReachabilityManager.m */; };
		CF2B447920E23C07006104AF /* AFSecurityPolicy.m in Sources */ = {isa = PBXBuildFile; fileRef = CF2B446520E23C07006104AF /* AFSecurityPolicy.m */; };
		CF2B449B20E3408B006104AF /* LICENSE in Resources */ = {isa = PBXBuildFile; fileRef = CF2B447B20E3408B006104AF /* LICENSE */; };
		CF2B449C20E3408C006104AF /* README.md in Resources */ = {isa = PBXBuildFile; fileRef = CF2B447C20E3408B006104AF /* README.md */; };
		CF2B449D20E3408C006104AF /* SDWebImageManager.m in Sources */ = {isa = PBXBuildFile; fileRef = CF2B448020E3408B006104AF /* SDWebImageManager.m */; };
		CF2B449E20E3408C006104AF /* SDWebImageDecoder.m in Sources */ = {isa = PBXBuildFile; fileRef = CF2B448120E3408B006104AF /* SDWebImageDecoder.m */; };
		CF2B449F20E3408C006104AF /* UIImageView+HighlightedWebCache.m in Sources */ = {isa = PBXBuildFile; fileRef = CF2B448320E3408B006104AF /* UIImageView+HighlightedWebCache.m */; };
		CF2B44A020E3408C006104AF /* SDWebImageDownloader.m in Sources */ = {isa = PBXBuildFile; fileRef = CF2B448520E3408B006104AF /* SDWebImageDownloader.m */; };
		CF2B44A120E3408C006104AF /* UIImage+GIF.m in Sources */ = {isa = PBXBuildFile; fileRef = CF2B448620E3408B006104AF /* UIImage+GIF.m */; };
		CF2B44A220E3408C006104AF /* UIImage+MultiFormat.m in Sources */ = {isa = PBXBuildFile; fileRef = CF2B448820E3408B006104AF /* UIImage+MultiFormat.m */; };
		CF2B44A320E3408C006104AF /* SDWebImageCompat.m in Sources */ = {isa = PBXBuildFile; fileRef = CF2B448920E3408B006104AF /* SDWebImageCompat.m */; };
		CF2B44A420E3408C006104AF /* SDWebImagePrefetcher.m in Sources */ = {isa = PBXBuildFile; fileRef = CF2B448A20E3408B006104AF /* SDWebImagePrefetcher.m */; };
		CF2B44A520E3408C006104AF /* SDImageCache.m in Sources */ = {isa = PBXBuildFile; fileRef = CF2B448C20E3408B006104AF /* SDImageCache.m */; };
		CF2B44A620E3408C006104AF /* SDWebImageDownloaderOperation.m in Sources */ = {isa = PBXBuildFile; fileRef = CF2B448E20E3408B006104AF /* SDWebImageDownloaderOperation.m */; };
		CF2B44A720E3408C006104AF /* NSData+ImageContentType.m in Sources */ = {isa = PBXBuildFile; fileRef = CF2B449120E3408B006104AF /* NSData+ImageContentType.m */; };
		CF2B44A820E3408C006104AF /* UIImageView+WebCache.m in Sources */ = {isa = PBXBuildFile; fileRef = CF2B449220E3408B006104AF /* UIImageView+WebCache.m */; };
		CF2B44A920E3408C006104AF /* UIView+WebCacheOperation.m in Sources */ = {isa = PBXBuildFile; fileRef = CF2B449520E3408B006104AF /* UIView+WebCacheOperation.m */; };
		CF2B44AA20E3408C006104AF /* UIButton+WebCache.m in Sources */ = {isa = PBXBuildFile; fileRef = CF2B449920E3408B006104AF /* UIButton+WebCache.m */; };
/* End PBXBuildFile section */

/* Begin PBXContainerItemProxy section */
		CF2B43D720DF4916006104AF /* PBXContainerItemProxy */ = {
			isa = PBXContainerItemProxy;
			containerPortal = CF2B43B620DF4912006104AF /* Project object */;
			proxyType = 1;
			remoteGlobalIDString = CF2B43BD20DF4912006104AF;
			remoteInfo = SAVPlayer;
		};
		CF2B43E220DF4916006104AF /* PBXContainerItemProxy */ = {
			isa = PBXContainerItemProxy;
			containerPortal = CF2B43B620DF4912006104AF /* Project object */;
			proxyType = 1;
			remoteGlobalIDString = CF2B43BD20DF4912006104AF;
			remoteInfo = SAVPlayer;
		};
/* End PBXContainerItemProxy section */

/* Begin PBXFileReference section */
		CF2B43BE20DF4912006104AF /* SAVPlayer.app */ = {isa = PBXFileReference; explicitFileType = wrapper.application; includeInIndex = 0; path = SAVPlayer.app; sourceTree = BUILT_PRODUCTS_DIR; };
		CF2B43C120DF4912006104AF /* AppDelegate.h */ = {isa = PBXFileReference; lastKnownFileType = sourcecode.c.h; path = AppDelegate.h; sourceTree = "<group>"; };
		CF2B43C220DF4912006104AF /* AppDelegate.m */ = {isa = PBXFileReference; lastKnownFileType = sourcecode.c.objc; path = AppDelegate.m; sourceTree = "<group>"; };
		CF2B43C420DF4912006104AF /* ViewController.h */ = {isa = PBXFileReference; lastKnownFileType = sourcecode.c.h; path = ViewController.h; sourceTree = "<group>"; };
		CF2B43C520DF4912006104AF /* ViewController.m */ = {isa = PBXFileReference; lastKnownFileType = sourcecode.c.objc; path = ViewController.m; sourceTree = "<group>"; };
		CF2B43C820DF4912006104AF /* Base */ = {isa = PBXFileReference; lastKnownFileType = file.storyboard; name = Base; path = Base.lproj/Main.storyboard; sourceTree = "<group>"; };
		CF2B43CA20DF4915006104AF /* Assets.xcassets */ = {isa = PBXFileReference; lastKnownFileType = folder.assetcatalog; path = Assets.xcassets; sourceTree = "<group>"; };
		CF2B43CD20DF4915006104AF /* Base */ = {isa = PBXFileReference; lastKnownFileType = file.storyboard; name = Base; path = Base.lproj/LaunchScreen.storyboard; sourceTree = "<group>"; };
		CF2B43CF20DF4915006104AF /* Info.plist */ = {isa = PBXFileReference; lastKnownFileType = text.plist.xml; path = Info.plist; sourceTree = "<group>"; };
		CF2B43D020DF4915006104AF /* main.m */ = {isa = PBXFileReference; lastKnownFileType = sourcecode.c.objc; path = main.m; sourceTree = "<group>"; };
		CF2B43D620DF4916006104AF /* SAVPlayerTests.xctest */ = {isa = PBXFileReference; explicitFileType = wrapper.cfbundle; includeInIndex = 0; path = SAVPlayerTests.xctest; sourceTree = BUILT_PRODUCTS_DIR; };
		CF2B43DA20DF4916006104AF /* SAVPlayerTests.m */ = {isa = PBXFileReference; lastKnownFileType = sourcecode.c.objc; path = SAVPlayerTests.m; sourceTree = "<group>"; };
		CF2B43DC20DF4916006104AF /* Info.plist */ = {isa = PBXFileReference; lastKnownFileType = text.plist.xml; path = Info.plist; sourceTree = "<group>"; };
		CF2B43E120DF4916006104AF /* SAVPlayerUITests.xctest */ = {isa = PBXFileReference; explicitFileType = wrapper.cfbundle; includeInIndex = 0; path = SAVPlayerUITests.xctest; sourceTree = BUILT_PRODUCTS_DIR; };
		CF2B43E520DF4916006104AF /* SAVPlayerUITests.m */ = {isa = PBXFileReference; lastKnownFileType = sourcecode.c.objc; path = SAVPlayerUITests.m; sourceTree = "<group>"; };
		CF2B43E720DF4916006104AF /* Info.plist */ = {isa = PBXFileReference; lastKnownFileType = text.plist.xml; path = Info.plist; sourceTree = "<group>"; };
		CF2B43F320E1E2F4006104AF /* SVideoCell.h */ = {isa = PBXFileReference; lastKnownFileType = sourcecode.c.h; path = SVideoCell.h; sourceTree = "<group>"; };
		CF2B43F420E1E2F4006104AF /* SVideoCell.m */ = {isa = PBXFileReference; lastKnownFileType = sourcecode.c.objc; path = SVideoCell.m; sourceTree = "<group>"; };
		CF2B43F720E1E40F006104AF /* SPlayer.h */ = {isa = PBXFileReference; lastKnownFileType = sourcecode.c.h; path = SPlayer.h; sourceTree = "<group>"; };
		CF2B43F820E1E40F006104AF /* SPlayer.m */ = {isa = PBXFileReference; lastKnownFileType = sourcecode.c.objc; path = SPlayer.m; sourceTree = "<group>"; };
		CF2B43FA20E1E458006104AF /* SPlayerViewBottomView.h */ = {isa = PBXFileReference; lastKnownFileType = sourcecode.c.h; path = SPlayerViewBottomView.h; sourceTree = "<group>"; };
		CF2B43FB20E1E458006104AF /* SPlayerViewBottomView.m */ = {isa = PBXFileReference; lastKnownFileType = sourcecode.c.objc; path = SPlayerViewBottomView.m; sourceTree = "<group>"; };
		CF2B43FD20E1E49C006104AF /* SPlayerProgressView.h */ = {isa = PBXFileReference; lastKnownFileType = sourcecode.c.h; path = SPlayerProgressView.h; sourceTree = "<group>"; };
		CF2B43FE20E1E49C006104AF /* SPlayerProgressView.m */ = {isa = PBXFileReference; lastKnownFileType = sourcecode.c.objc; path = SPlayerProgressView.m; sourceTree = "<group>"; };
		CF2B440020E1E4C2006104AF /* SPlayerView.h */ = {isa = PBXFileReference; lastKnownFileType = sourcecode.c.h; path = SPlayerView.h; sourceTree = "<group>"; };
		CF2B440120E1E4C2006104AF /* SPlayerView.m */ = {isa = PBXFileReference; lastKnownFileType = sourcecode.c.objc; path = SPlayerView.m; sourceTree = "<group>"; };
		CF2B440320E1E505006104AF /* SForwardView.h */ = {isa = PBXFileReference; lastKnownFileType = sourcecode.c.h; path = SForwardView.h; sourceTree = "<group>"; };
		CF2B440420E1E505006104AF /* SForwardView.m */ = {isa = PBXFileReference; lastKnownFileType = sourcecode.c.objc; path = SForwardView.m; sourceTree = "<group>"; };
		CF2B440620E1E524006104AF /* SPlayerViewTopView.h */ = {isa = PBXFileReference; lastKnownFileType = sourcecode.c.h; path = SPlayerViewTopView.h; sourceTree = "<group>"; };
		CF2B440720E1E524006104AF /* SPlayerViewTopView.m */ = {isa = PBXFileReference; lastKnownFileType = sourcecode.c.objc; path = SPlayerViewTopView.m; sourceTree = "<group>"; };
		CF2B440A20E1E5D8006104AF /* MASCompositeConstraint.h */ = {isa = PBXFileReference; fileEncoding = 4; lastKnownFileType = sourcecode.c.h; path = MASCompositeConstraint.h; sourceTree = "<group>"; };
		CF2B440B20E1E5D8006104AF /* NSLayoutConstraint+MASDebugAdditions.m */ = {isa = PBXFileReference; fileEncoding = 4; lastKnownFileType = sourcecode.c.objc; path = "NSLayoutConstraint+MASDebugAdditions.m"; sourceTree = "<group>"; };
		CF2B440C20E1E5D8006104AF /* MASConstraint+Private.h */ = {isa = PBXFileReference; fileEncoding = 4; lastKnownFileType = sourcecode.c.h; path = "MASConstraint+Private.h"; sourceTree = "<group>"; };
		CF2B440D20E1E5D8006104AF /* MASLayoutConstraint.h */ = {isa = PBXFileReference; fileEncoding = 4; lastKnownFileType = sourcecode.c.h; path = MASLayoutConstraint.h; sourceTree = "<group>"; };
		CF2B440E20E1E5D8006104AF /* NSArray+MASShorthandAdditions.h */ = {isa = PBXFileReference; fileEncoding = 4; lastKnownFileType = sourcecode.c.h; path = "NSArray+MASShorthandAdditions.h"; sourceTree = "<group>"; };
		CF2B440F20E1E5D8006104AF /* MASConstraintMaker.h */ = {isa = PBXFileReference; fileEncoding = 4; lastKnownFileType = sourcecode.c.h; path = MASConstraintMaker.h; sourceTree = "<group>"; };
		CF2B441020E1E5D8006104AF /* View+MASAdditions.h */ = {isa = PBXFileReference; fileEncoding = 4; lastKnownFileType = sourcecode.c.h; path = "View+MASAdditions.h"; sourceTree = "<group>"; };
		CF2B441120E1E5D8006104AF /* NSArray+MASAdditions.h */ = {isa = PBXFileReference; fileEncoding = 4; lastKnownFileType = sourcecode.c.h; path = "NSArray+MASAdditions.h"; sourceTree = "<group>"; };
		CF2B441220E1E5D8006104AF /* MASUtilities.h */ = {isa = PBXFileReference; fileEncoding = 4; lastKnownFileType = sourcecode.c.h; path = MASUtilities.h; sourceTree = "<group>"; };
		CF2B441320E1E5D8006104AF /* MASViewAttribute.h */ = {isa = PBXFileReference; fileEncoding = 4; lastKnownFileType = sourcecode.c.h; path = MASViewAttribute.h; sourceTree = "<group>"; };
		CF2B441420E1E5D8006104AF /* ViewController+MASAdditions.m */ = {isa = PBXFileReference; fileEncoding = 4; lastKnownFileType = sourcecode.c.objc; path = "ViewController+MASAdditions.m"; sourceTree = "<group>"; };
		CF2B441520E1E5D8006104AF /* MASViewConstraint.h */ = {isa = PBXFileReference; fileEncoding = 4; lastKnownFileType = sourcecode.c.h; path = MASViewConstraint.h; sourceTree = "<group>"; };
		CF2B441620E1E5D8006104AF /* MASConstraint.h */ = {isa = PBXFileReference; fileEncoding = 4; lastKnownFileType = sourcecode.c.h; path = MASConstraint.h; sourceTree = "<group>"; };
		CF2B441720E1E5D8006104AF /* NSLayoutConstraint+MASDebugAdditions.h */ = {isa = PBXFileReference; fileEncoding = 4; lastKnownFileType = sourcecode.c.h; path = "NSLayoutConstraint+MASDebugAdditions.h"; sourceTree = "<group>"; };
		CF2B441820E1E5D8006104AF /* MASCompositeConstraint.m */ = {isa = PBXFileReference; fileEncoding = 4; lastKnownFileType = sourcecode.c.objc; path = MASCompositeConstraint.m; sourceTree = "<group>"; };
		CF2B441920E1E5D8006104AF /* MASConstraintMaker.m */ = {isa = PBXFileReference; fileEncoding = 4; lastKnownFileType = sourcecode.c.objc; path = MASConstraintMaker.m; sourceTree = "<group>"; };
		CF2B441A20E1E5D8006104AF /* MASLayoutConstraint.m */ = {isa = PBXFileReference; fileEncoding = 4; lastKnownFileType = sourcecode.c.objc; path = MASLayoutConstraint.m; sourceTree = "<group>"; };
		CF2B441B20E1E5D8006104AF /* NSArray+MASAdditions.m */ = {isa = PBXFileReference; fileEncoding = 4; lastKnownFileType = sourcecode.c.objc; path = "NSArray+MASAdditions.m"; sourceTree = "<group>"; };
		CF2B441C20E1E5D8006104AF /* View+MASAdditions.m */ = {isa = PBXFileReference; fileEncoding = 4; lastKnownFileType = sourcecode.c.objc; path = "View+MASAdditions.m"; sourceTree = "<group>"; };
		CF2B441D20E1E5D8006104AF /* View+MASShorthandAdditions.h */ = {isa = PBXFileReference; fileEncoding = 4; lastKnownFileType = sourcecode.c.h; path = "View+MASShorthandAdditions.h"; sourceTree = "<group>"; };
		CF2B441E20E1E5D8006104AF /* Masonry.h */ = {isa = PBXFileReference; fileEncoding = 4; lastKnownFileType = sourcecode.c.h; path = Masonry.h; sourceTree = "<group>"; };
		CF2B441F20E1E5D8006104AF /* MASConstraint.m */ = {isa = PBXFileReference; fileEncoding = 4; lastKnownFileType = sourcecode.c.objc; path = MASConstraint.m; sourceTree = "<group>"; };
		CF2B442020E1E5D8006104AF /* ViewController+MASAdditions.h */ = {isa = PBXFileReference; fileEncoding = 4; lastKnownFileType = sourcecode.c.h; path = "ViewController+MASAdditions.h"; sourceTree = "<group>"; };
		CF2B442120E1E5D8006104AF /* MASViewConstraint.m */ = {isa = PBXFileReference; fileEncoding = 4; lastKnownFileType = sourcecode.c.objc; path = MASViewConstraint.m; sourceTree = "<group>"; };
		CF2B442220E1E5D8006104AF /* MASViewAttribute.m */ = {isa = PBXFileReference; fileEncoding = 4; lastKnownFileType = sourcecode.c.objc; path = MASViewAttribute.m; sourceTree = "<group>"; };
		CF2B442D20E1E620006104AF /* PlayerTool.bundle */ = {isa = PBXFileReference; lastKnownFileType = "wrapper.plug-in"; path = PlayerTool.bundle; sourceTree = "<group>"; };
		CF2B442F20E235E9006104AF /* SVideo.h */ = {isa = PBXFileReference; lastKnownFileType = sourcecode.c.h; path = SVideo.h; sourceTree = "<group>"; };
		CF2B443020E235E9006104AF /* SVideo.m */ = {isa = PBXFileReference; lastKnownFileType = sourcecode.c.objc; path = SVideo.m; sourceTree = "<group>"; };
		CF2B443320E23637006104AF /* YYClassInfo.h */ = {isa = PBXFileReference; fileEncoding = 4; lastKnownFileType = sourcecode.c.h; path = YYClassInfo.h; sourceTree = "<group>"; };
		CF2B443420E23637006104AF /* YYModel.h */ = {isa = PBXFileReference; fileEncoding = 4; lastKnownFileType = sourcecode.c.h; path = YYModel.h; sourceTree = "<group>"; };
		CF2B443520E23637006104AF /* NSObject+YYModel.m */ = {isa = PBXFileReference; fileEncoding = 4; lastKnownFileType = sourcecode.c.objc; path = "NSObject+YYModel.m"; sourceTree = "<group>"; };
		CF2B443620E23637006104AF /* YYClassInfo.m */ = {isa = PBXFileReference; fileEncoding = 4; lastKnownFileType = sourcecode.c.objc; path = YYClassInfo.m; sourceTree = "<group>"; };
		CF2B443720E23637006104AF /* NSObject+YYModel.h */ = {isa = PBXFileReference; fileEncoding = 4; lastKnownFileType = sourcecode.c.h; path = "NSObject+YYModel.h"; sourceTree = "<group>"; };
		CF2B443A20E239AB006104AF /* SVideoPlayController.h */ = {isa = PBXFileReference; lastKnownFileType = sourcecode.c.h; path = SVideoPlayController.h; sourceTree = "<group>"; };
		CF2B443B20E239AB006104AF /* SVideoPlayController.m */ = {isa = PBXFileReference; lastKnownFileType = sourcecode.c.objc; path = SVideoPlayController.m; sourceTree = "<group>"; };
		CF2B443E20E23C07006104AF /* LICENSE */ = {isa = PBXFileReference; fileEncoding = 4; lastKnownFileType = text; path = LICENSE; sourceTree = "<group>"; };
		CF2B443F20E23C07006104AF /* README.md */ = {isa = PBXFileReference; fileEncoding = 4; lastKnownFileType = net.daringfireball.markdown; path = README.md; sourceTree = "<group>"; };
		CF2B444120E23C07006104AF /* UIAlertView+AFNetworking.m */ = {isa = PBXFileReference; fileEncoding = 4; lastKnownFileType = sourcecode.c.objc; path = "UIAlertView+AFNetworking.m"; sourceTree = "<group>"; };
		CF2B444220E23C07006104AF /* UIProgressView+AFNetworking.m */ = {isa = PBXFileReference; fileEncoding = 4; lastKnownFileType = sourcecode.c.objc; path = "UIProgressView+AFNetworking.m"; sourceTree = "<group>"; };
		CF2B444320E23C07006104AF /* UIButton+AFNetworking.h */ = {isa = PBXFileReference; fileEncoding = 4; lastKnownFileType = sourcecode.c.h; path = "UIButton+AFNetworking.h"; sourceTree = "<group>"; };
		CF2B444420E23C07006104AF /* UIRefreshControl+AFNetworking.m */ = {isa = PBXFileReference; fileEncoding = 4; lastKnownFileType = sourcecode.c.objc; path = "UIRefreshControl+AFNetworking.m"; sourceTree = "<group>"; };
		CF2B444520E23C07006104AF /* UIImageView+AFNetworking.h */ = {isa = PBXFileReference; fileEncoding = 4; lastKnownFileType = sourcecode.c.h; path = "UIImageView+AFNetworking.h"; sourceTree = "<group>"; };
		CF2B444620E23C07006104AF /* AFNetworkActivityIndicatorManager.m */ = {isa = PBXFileReference; fileEncoding = 4; lastKnownFileType = sourcecode.c.objc; path = AFNetworkActivityIndicatorManager.m; sourceTree = "<group>"; };
		CF2B444720E23C07006104AF /* UIWebView+AFNetworking.h */ = {isa = PBXFileReference; fileEncoding = 4; lastKnownFileType = sourcecode.c.h; path = "UIWebView+AFNetworking.h"; sourceTree = "<group>"; };
		CF2B444820E23C07006104AF /* UIActivityIndicatorView+AFNetworking.h */ = {isa = PBXFileReference; fileEncoding = 4; lastKnownFileType = sourcecode.c.h; path = "UIActivityIndicatorView+AFNetworking.h"; sourceTree = "<group>"; };
		CF2B444920E23C07006104AF /* UIAlertView+AFNetworking.h */ = {isa = PBXFileReference; fileEncoding = 4; lastKnownFileType = sourcecode.c.h; path = "UIAlertView+AFNetworking.h"; sourceTree = "<group>"; };
		CF2B444A20E23C07006104AF /* UIImage+AFNetworking.h */ = {isa = PBXFileReference; fileEncoding = 4; lastKnownFileType = sourcecode.c.h; path = "UIImage+AFNetworking.h"; sourceTree = "<group>"; };
		CF2B444B20E23C07006104AF /* UIProgressView+AFNetworking.h */ = {isa = PBXFileReference; fileEncoding = 4; lastKnownFileType = sourcecode.c.h; path = "UIProgressView+AFNetworking.h"; sourceTree = "<group>"; };
		CF2B444C20E23C07006104AF /* UIImageView+AFNetworking.m */ = {isa = PBXFileReference; fileEncoding = 4; lastKnownFileType = sourcecode.c.objc; path = "UIImageView+AFNetworking.m"; sourceTree = "<group>"; };
		CF2B444D20E23C07006104AF /* UIKit+AFNetworking.h */ = {isa = PBXFileReference; fileEncoding = 4; lastKnownFileType = sourcecode.c.h; path = "UIKit+AFNetworking.h"; sourceTree = "<group>"; };
		CF2B444E20E23C07006104AF /* UIRefreshControl+AFNetworking.h */ = {isa = PBXFileReference; fileEncoding = 4; lastKnownFileType = sourcecode.c.h; path = "UIRefreshControl+AFNetworking.h"; sourceTree = "<group>"; };
		CF2B444F20E23C07006104AF /* UIButton+AFNetworking.m */ = {isa = PBXFileReference; fileEncoding = 4; lastKnownFileType = sourcecode.c.objc; path = "UIButton+AFNetworking.m"; sourceTree = "<group>"; };
		CF2B445020E23C07006104AF /* UIActivityIndicatorView+AFNetworking.m */ = {isa = PBXFileReference; fileEncoding = 4; lastKnownFileType = sourcecode.c.objc; path = "UIActivityIndicatorView+AFNetworking.m"; sourceTree = "<group>"; };
		CF2B445120E23C07006104AF /* UIWebView+AFNetworking.m */ = {isa = PBXFileReference; fileEncoding = 4; lastKnownFileType = sourcecode.c.objc; path = "UIWebView+AFNetworking.m"; sourceTree = "<group>"; };
		CF2B445220E23C07006104AF /* AFNetworkActivityIndicatorManager.h */ = {isa = PBXFileReference; fileEncoding = 4; lastKnownFileType = sourcecode.c.h; path = AFNetworkActivityIndicatorManager.h; sourceTree = "<group>"; };
		CF2B445420E23C07006104AF /* AFSecurityPolicy.h */ = {isa = PBXFileReference; fileEncoding = 4; lastKnownFileType = sourcecode.c.h; path = AFSecurityPolicy.h; sourceTree = "<group>"; };
		CF2B445520E23C07006104AF /* AFNetworkReachabilityManager.h */ = {isa = PBXFileReference; fileEncoding = 4; lastKnownFileType = sourcecode.c.h; path = AFNetworkReachabilityManager.h; sourceTree = "<group>"; };
		CF2B445620E23C07006104AF /* AFHTTPRequestOperation.h */ = {isa = PBXFileReference; fileEncoding = 4; lastKnownFileType = sourcecode.c.h; path = AFHTTPRequestOperation.h; sourceTree = "<group>"; };
		CF2B445720E23C07006104AF /* AFHTTPRequestOperationManager.h */ = {isa = PBXFileReference; fileEncoding = 4; lastKnownFileType = sourcecode.c.h; path = AFHTTPRequestOperationManager.h; sourceTree = "<group>"; };
		CF2B445820E23C07006104AF /* AFURLSessionManager.h */ = {isa = PBXFileReference; fileEncoding = 4; lastKnownFileType = sourcecode.c.h; path = AFURLSessionManager.h; sourceTree = "<group>"; };
		CF2B445920E23C07006104AF /* AFURLRequestSerialization.h */ = {isa = PBXFileReference; fileEncoding = 4; lastKnownFileType = sourcecode.c.h; path = AFURLRequestSerialization.h; sourceTree = "<group>"; };
		CF2B445A20E23C07006104AF /* AFURLConnectionOperation.h */ = {isa = PBXFileReference; fileEncoding = 4; lastKnownFileType = sourcecode.c.h; path = AFURLConnectionOperation.h; sourceTree = "<group>"; };
		CF2B445B20E23C07006104AF /* AFURLResponseSerialization.m */ = {isa = PBXFileReference; fileEncoding = 4; lastKnownFileType = sourcecode.c.objc; path = AFURLResponseSerialization.m; sourceTree = "<group>"; };
		CF2B445C20E23C07006104AF /* AFHTTPSessionManager.m */ = {isa = PBXFileReference; fileEncoding = 4; lastKnownFileType = sourcecode.c.objc; path = AFHTTPSessionManager.m; sourceTree = "<group>"; };
		CF2B445D20E23C07006104AF /* AFURLConnectionOperation.m */ = {isa = PBXFileReference; fileEncoding = 4; lastKnownFileType = sourcecode.c.objc; path = AFURLConnectionOperation.m; sourceTree = "<group>"; };
		CF2B445E20E23C07006104AF /* AFURLResponseSerialization.h */ = {isa = PBXFileReference; fileEncoding = 4; lastKnownFileType = sourcecode.c.h; path = AFURLResponseSerialization.h; sourceTree = "<group>"; };
		CF2B445F20E23C07006104AF /* AFURLSessionManager.m */ = {isa = PBXFileReference; fileEncoding = 4; lastKnownFileType = sourcecode.c.objc; path = AFURLSessionManager.m; sourceTree = "<group>"; };
		CF2B446020E23C07006104AF /* AFHTTPRequestOperationManager.m */ = {isa = PBXFileReference; fileEncoding = 4; lastKnownFileType = sourcecode.c.objc; path = AFHTTPRequestOperationManager.m; sourceTree = "<group>"; };
		CF2B446120E23C07006104AF /* AFURLRequestSerialization.m */ = {isa = PBXFileReference; fileEncoding = 4; lastKnownFileType = sourcecode.c.objc; path = AFURLRequestSerialization.m; sourceTree = "<group>"; };
		CF2B446220E23C07006104AF /* AFHTTPRequestOperation.m */ = {isa = PBXFileReference; fileEncoding = 4; lastKnownFileType = sourcecode.c.objc; path = AFHTTPRequestOperation.m; sourceTree = "<group>"; };
		CF2B446320E23C07006104AF /* AFNetworking.h */ = {isa = PBXFileReference; fileEncoding = 4; lastKnownFileType = sourcecode.c.h; path = AFNetworking.h; sourceTree = "<group>"; };
		CF2B446420E23C07006104AF /* AFNetworkReachabilityManager.m */ = {isa = PBXFileReference; fileEncoding = 4; lastKnownFileType = sourcecode.c.objc; path = AFNetworkReachabilityManager.m; sourceTree = "<group>"; };
		CF2B446520E23C07006104AF /* AFSecurityPolicy.m */ = {isa = PBXFileReference; fileEncoding = 4; lastKnownFileType = sourcecode.c.objc; path = AFSecurityPolicy.m; sourceTree = "<group>"; };
		CF2B446620E23C07006104AF /* AFHTTPSessionManager.h */ = {isa = PBXFileReference; fileEncoding = 4; lastKnownFileType = sourcecode.c.h; path = AFHTTPSessionManager.h; sourceTree = "<group>"; };
		CF2B447B20E3408B006104AF /* LICENSE */ = {isa = PBXFileReference; fileEncoding = 4; lastKnownFileType = text; path = LICENSE; sourceTree = "<group>"; };
		CF2B447C20E3408B006104AF /* README.md */ = {isa = PBXFileReference; fileEncoding = 4; lastKnownFileType = net.daringfireball.markdown; path = README.md; sourceTree = "<group>"; };
		CF2B447E20E3408B006104AF /* UIImageView+WebCache.h */ = {isa = PBXFileReference; fileEncoding = 4; lastKnownFileType = sourcecode.c.h; path = "UIImageView+WebCache.h"; sourceTree = "<group>"; };
		CF2B447F20E3408B006104AF /* NSData+ImageContentType.h */ = {isa = PBXFileReference; fileEncoding = 4; lastKnownFileType = sourcecode.c.h; path = "NSData+ImageContentType.h"; sourceTree = "<group>"; };
		CF2B448020E3408B006104AF /* SDWebImageManager.m */ = {isa = PBXFileReference; fileEncoding = 4; lastKnownFileType = sourcecode.c.objc; path = SDWebImageManager.m; sourceTree = "<group>"; };
		CF2B448120E3408B006104AF /* SDWebImageDecoder.m */ = {isa = PBXFileReference; fileEncoding = 4; lastKnownFileType = sourcecode.c.objc; path = SDWebImageDecoder.m; sourceTree = "<group>"; };
		CF2B448220E3408B006104AF /* SDWebImageDownloaderOperation.h */ = {isa = PBXFileReference; fileEncoding = 4; lastKnownFileType = sourcecode.c.h; path = SDWebImageDownloaderOperation.h; sourceTree = "<group>"; };
		CF2B448320E3408B006104AF /* UIImageView+HighlightedWebCache.m */ = {isa = PBXFileReference; fileEncoding = 4; lastKnownFileType = sourcecode.c.objc; path = "UIImageView+HighlightedWebCache.m"; sourceTree = "<group>"; };
		CF2B448420E3408B006104AF /* SDImageCache.h */ = {isa = PBXFileReference; fileEncoding = 4; lastKnownFileType = sourcecode.c.h; path = SDImageCache.h; sourceTree = "<group>"; };
		CF2B448520E3408B006104AF /* SDWebImageDownloader.m */ = {isa = PBXFileReference; fileEncoding = 4; lastKnownFileType = sourcecode.c.objc; path = SDWebImageDownloader.m; sourceTree = "<group>"; };
		CF2B448620E3408B006104AF /* UIImage+GIF.m */ = {isa = PBXFileReference; fileEncoding = 4; lastKnownFileType = sourcecode.c.objc; path = "UIImage+GIF.m"; sourceTree = "<group>"; };
		CF2B448720E3408B006104AF /* UIButton+WebCache.h */ = {isa = PBXFileReference; fileEncoding = 4; lastKnownFileType = sourcecode.c.h; path = "UIButton+WebCache.h"; sourceTree = "<group>"; };
		CF2B448820E3408B006104AF /* UIImage+MultiFormat.m */ = {isa = PBXFileReference; fileEncoding = 4; lastKnownFileType = sourcecode.c.objc; path = "UIImage+MultiFormat.m"; sourceTree = "<group>"; };
		CF2B448920E3408B006104AF /* SDWebImageCompat.m */ = {isa = PBXFileReference; fileEncoding = 4; lastKnownFileType = sourcecode.c.objc; path = SDWebImageCompat.m; sourceTree = "<group>"; };
		CF2B448A20E3408B006104AF /* SDWebImagePrefetcher.m */ = {isa = PBXFileReference; fileEncoding = 4; lastKnownFileType = sourcecode.c.objc; path = SDWebImagePrefetcher.m; sourceTree = "<group>"; };
		CF2B448B20E3408B006104AF /* UIView+WebCacheOperation.h */ = {isa = PBXFileReference; fileEncoding = 4; lastKnownFileType = sourcecode.c.h; path = "UIView+WebCacheOperation.h"; sourceTree = "<group>"; };
		CF2B448C20E3408B006104AF /* SDImageCache.m */ = {isa = PBXFileReference; fileEncoding = 4; lastKnownFileType = sourcecode.c.objc; path = SDImageCache.m; sourceTree = "<group>"; };
		CF2B448D20E3408B006104AF /* UIImageView+HighlightedWebCache.h */ = {isa = PBXFileReference; fileEncoding = 4; lastKnownFileType = sourcecode.c.h; path = "UIImageView+HighlightedWebCache.h"; sourceTree = "<group>"; };
		CF2B448E20E3408B006104AF /* SDWebImageDownloaderOperation.m */ = {isa = PBXFileReference; fileEncoding = 4; lastKnownFileType = sourcecode.c.objc; path = SDWebImageDownloaderOperation.m; sourceTree = "<group>"; };
		CF2B448F20E3408B006104AF /* SDWebImageDecoder.h */ = {isa = PBXFileReference; fileEncoding = 4; lastKnownFileType = sourcecode.c.h; path = SDWebImageDecoder.h; sourceTree = "<group>"; };
		CF2B449020E3408B006104AF /* SDWebImageManager.h */ = {isa = PBXFileReference; fileEncoding = 4; lastKnownFileType = sourcecode.c.h; path = SDWebImageManager.h; sourceTree = "<group>"; };
		CF2B449120E3408B006104AF /* NSData+ImageContentType.m */ = {isa = PBXFileReference; fileEncoding = 4; lastKnownFileType = sourcecode.c.objc; path = "NSData+ImageContentType.m"; sourceTree = "<group>"; };
		CF2B449220E3408B006104AF /* UIImageView+WebCache.m */ = {isa = PBXFileReference; fileEncoding = 4; lastKnownFileType = sourcecode.c.objc; path = "UIImageView+WebCache.m"; sourceTree = "<group>"; };
		CF2B449320E3408B006104AF /* SDWebImageOperation.h */ = {isa = PBXFileReference; fileEncoding = 4; lastKnownFileType = sourcecode.c.h; path = SDWebImageOperation.h; sourceTree = "<group>"; };
		CF2B449420E3408B006104AF /* SDWebImageDownloader.h */ = {isa = PBXFileReference; fileEncoding = 4; lastKnownFileType = sourcecode.c.h; path = SDWebImageDownloader.h; sourceTree = "<group>"; };
		CF2B449520E3408B006104AF /* UIView+WebCacheOperation.m */ = {isa = PBXFileReference; fileEncoding = 4; lastKnownFileType = sourcecode.c.objc; path = "UIView+WebCacheOperation.m"; sourceTree = "<group>"; };
		CF2B449620E3408B006104AF /* SDWebImagePrefetcher.h */ = {isa = PBXFileReference; fileEncoding = 4; lastKnownFileType = sourcecode.c.h; path = SDWebImagePrefetcher.h; sourceTree = "<group>"; };
		CF2B449720E3408B006104AF /* SDWebImageCompat.h */ = {isa = PBXFileReference; fileEncoding = 4; lastKnownFileType = sourcecode.c.h; path = SDWebImageCompat.h; sourceTree = "<group>"; };
		CF2B449820E3408B006104AF /* UIImage+MultiFormat.h */ = {isa = PBXFileReference; fileEncoding = 4; lastKnownFileType = sourcecode.c.h; path = "UIImage+MultiFormat.h"; sourceTree = "<group>"; };
		CF2B449920E3408B006104AF /* UIButton+WebCache.m */ = {isa = PBXFileReference; fileEncoding = 4; lastKnownFileType = sourcecode.c.objc; path = "UIButton+WebCache.m"; sourceTree = "<group>"; };
		CF2B449A20E3408B006104AF /* UIImage+GIF.h */ = {isa = PBXFileReference; fileEncoding = 4; lastKnownFileType = sourcecode.c.h; path = "UIImage+GIF.h"; sourceTree = "<group>"; };
/* End PBXFileReference section */

/* Begin PBXFrameworksBuildPhase section */
		CF2B43BB20DF4912006104AF /* Frameworks */ = {
			isa = PBXFrameworksBuildPhase;
			buildActionMask = 2147483647;
			files = (
			);
			runOnlyForDeploymentPostprocessing = 0;
		};
		CF2B43D320DF4916006104AF /* Frameworks */ = {
			isa = PBXFrameworksBuildPhase;
			buildActionMask = 2147483647;
			files = (
			);
			runOnlyForDeploymentPostprocessing = 0;
		};
		CF2B43DE20DF4916006104AF /* Frameworks */ = {
			isa = PBXFrameworksBuildPhase;
			buildActionMask = 2147483647;
			files = (
			);
			runOnlyForDeploymentPostprocessing = 0;
		};
/* End PBXFrameworksBuildPhase section */

/* Begin PBXGroup section */
		CF2B43B520DF4912006104AF = {
			isa = PBXGroup;
			children = (
				CF2B43C020DF4912006104AF /* SAVPlayer */,
				CF2B43D920DF4916006104AF /* SAVPlayerTests */,
				CF2B43E420DF4916006104AF /* SAVPlayerUITests */,
				CF2B43BF20DF4912006104AF /* Products */,
			);
			sourceTree = "<group>";
		};
		CF2B43BF20DF4912006104AF /* Products */ = {
			isa = PBXGroup;
			children = (
				CF2B43BE20DF4912006104AF /* SAVPlayer.app */,
				CF2B43D620DF4916006104AF /* SAVPlayerTests.xctest */,
				CF2B43E120DF4916006104AF /* SAVPlayerUITests.xctest */,
			);
			name = Products;
			sourceTree = "<group>";
		};
		CF2B43C020DF4912006104AF /* SAVPlayer */ = {
			isa = PBXGroup;
			children = (
				CF2B447A20E3408B006104AF /* SDWebImage */,
				CF2B443D20E23C07006104AF /* AFNetworking */,
				CF2B443220E23637006104AF /* YYModel */,
				CF2B43F620E1E332006104AF /* Group */,
				CF2B43C120DF4912006104AF /* AppDelegate.h */,
				CF2B43C220DF4912006104AF /* AppDelegate.m */,
				CF2B43C420DF4912006104AF /* ViewController.h */,
				CF2B43C520DF4912006104AF /* ViewController.m */,
				CF2B443A20E239AB006104AF /* SVideoPlayController.h */,
				CF2B443B20E239AB006104AF /* SVideoPlayController.m */,
				CF2B43F320E1E2F4006104AF /* SVideoCell.h */,
				CF2B43F420E1E2F4006104AF /* SVideoCell.m */,
				CF2B442F20E235E9006104AF /* SVideo.h */,
				CF2B443020E235E9006104AF /* SVideo.m */,
				CF2B43C720DF4912006104AF /* Main.storyboard */,
				CF2B43CA20DF4915006104AF /* Assets.xcassets */,
				CF2B43CC20DF4915006104AF /* LaunchScreen.storyboard */,
				CF2B43CF20DF4915006104AF /* Info.plist */,
				CF2B43D020DF4915006104AF /* main.m */,
			);
			path = SAVPlayer;
			sourceTree = "<group>";
		};
		CF2B43D920DF4916006104AF /* SAVPlayerTests */ = {
			isa = PBXGroup;
			children = (
				CF2B43DA20DF4916006104AF /* SAVPlayerTests.m */,
				CF2B43DC20DF4916006104AF /* Info.plist */,
			);
			path = SAVPlayerTests;
			sourceTree = "<group>";
		};
		CF2B43E420DF4916006104AF /* SAVPlayerUITests */ = {
			isa = PBXGroup;
			children = (
				CF2B43E520DF4916006104AF /* SAVPlayerUITests.m */,
				CF2B43E720DF4916006104AF /* Info.plist */,
			);
			path = SAVPlayerUITests;
			sourceTree = "<group>";
		};
		CF2B43F620E1E332006104AF /* Group */ = {
			isa = PBXGroup;
			children = (
				CF2B442D20E1E620006104AF /* PlayerTool.bundle */,
				CF2B440920E1E5D8006104AF /* Masonry */,
				CF2B43F720E1E40F006104AF /* SPlayer.h */,
				CF2B43F820E1E40F006104AF /* SPlayer.m */,
				CF2B43FA20E1E458006104AF /* SPlayerViewBottomView.h */,
				CF2B43FB20E1E458006104AF /* SPlayerViewBottomView.m */,
				CF2B440620E1E524006104AF /* SPlayerViewTopView.h */,
				CF2B440720E1E524006104AF /* SPlayerViewTopView.m */,
				CF2B43FD20E1E49C006104AF /* SPlayerProgressView.h */,
				CF2B43FE20E1E49C006104AF /* SPlayerProgressView.m */,
				CF2B440020E1E4C2006104AF /* SPlayerView.h */,
				CF2B440120E1E4C2006104AF /* SPlayerView.m */,
				CF2B440320E1E505006104AF /* SForwardView.h */,
				CF2B440420E1E505006104AF /* SForwardView.m */,
			);
			path = Group;
			sourceTree = "<group>";
		};
		CF2B440920E1E5D8006104AF /* Masonry */ = {
			isa = PBXGroup;
			children = (
				CF2B440A20E1E5D8006104AF /* MASCompositeConstraint.h */,
				CF2B440B20E1E5D8006104AF /* NSLayoutConstraint+MASDebugAdditions.m */,
				CF2B440C20E1E5D8006104AF /* MASConstraint+Private.h */,
				CF2B440D20E1E5D8006104AF /* MASLayoutConstraint.h */,
				CF2B440E20E1E5D8006104AF /* NSArray+MASShorthandAdditions.h */,
				CF2B440F20E1E5D8006104AF /* MASConstraintMaker.h */,
				CF2B441020E1E5D8006104AF /* View+MASAdditions.h */,
				CF2B441120E1E5D8006104AF /* NSArray+MASAdditions.h */,
				CF2B441220E1E5D8006104AF /* MASUtilities.h */,
				CF2B441320E1E5D8006104AF /* MASViewAttribute.h */,
				CF2B441420E1E5D8006104AF /* ViewController+MASAdditions.m */,
				CF2B441520E1E5D8006104AF /* MASViewConstraint.h */,
				CF2B441620E1E5D8006104AF /* MASConstraint.h */,
				CF2B441720E1E5D8006104AF /* NSLayoutConstraint+MASDebugAdditions.h */,
				CF2B441820E1E5D8006104AF /* MASCompositeConstraint.m */,
				CF2B441920E1E5D8006104AF /* MASConstraintMaker.m */,
				CF2B441A20E1E5D8006104AF /* MASLayoutConstraint.m */,
				CF2B441B20E1E5D8006104AF /* NSArray+MASAdditions.m */,
				CF2B441C20E1E5D8006104AF /* View+MASAdditions.m */,
				CF2B441D20E1E5D8006104AF /* View+MASShorthandAdditions.h */,
				CF2B441E20E1E5D8006104AF /* Masonry.h */,
				CF2B441F20E1E5D8006104AF /* MASConstraint.m */,
				CF2B442020E1E5D8006104AF /* ViewController+MASAdditions.h */,
				CF2B442120E1E5D8006104AF /* MASViewConstraint.m */,
				CF2B442220E1E5D8006104AF /* MASViewAttribute.m */,
			);
			path = Masonry;
			sourceTree = "<group>";
		};
		CF2B443220E23637006104AF /* YYModel */ = {
			isa = PBXGroup;
			children = (
				CF2B443320E23637006104AF /* YYClassInfo.h */,
				CF2B443420E23637006104AF /* YYModel.h */,
				CF2B443520E23637006104AF /* NSObject+YYModel.m */,
				CF2B443620E23637006104AF /* YYClassInfo.m */,
				CF2B443720E23637006104AF /* NSObject+YYModel.h */,
			);
			path = YYModel;
			sourceTree = "<group>";
		};
		CF2B443D20E23C07006104AF /* AFNetworking */ = {
			isa = PBXGroup;
			children = (
				CF2B443E20E23C07006104AF /* LICENSE */,
				CF2B443F20E23C07006104AF /* README.md */,
				CF2B444020E23C07006104AF /* UIKit+AFNetworking */,
				CF2B445320E23C07006104AF /* AFNetworking */,
			);
			path = AFNetworking;
			sourceTree = "<group>";
		};
		CF2B444020E23C07006104AF /* UIKit+AFNetworking */ = {
			isa = PBXGroup;
			children = (
				CF2B444120E23C07006104AF /* UIAlertView+AFNetworking.m */,
				CF2B444220E23C07006104AF /* UIProgressView+AFNetworking.m */,
				CF2B444320E23C07006104AF /* UIButton+AFNetworking.h */,
				CF2B444420E23C07006104AF /* UIRefreshControl+AFNetworking.m */,
				CF2B444520E23C07006104AF /* UIImageView+AFNetworking.h */,
				CF2B444620E23C07006104AF /* AFNetworkActivityIndicatorManager.m */,
				CF2B444720E23C07006104AF /* UIWebView+AFNetworking.h */,
				CF2B444820E23C07006104AF /* UIActivityIndicatorView+AFNetworking.h */,
				CF2B444920E23C07006104AF /* UIAlertView+AFNetworking.h */,
				CF2B444A20E23C07006104AF /* UIImage+AFNetworking.h */,
				CF2B444B20E23C07006104AF /* UIProgressView+AFNetworking.h */,
				CF2B444C20E23C07006104AF /* UIImageView+AFNetworking.m */,
				CF2B444D20E23C07006104AF /* UIKit+AFNetworking.h */,
				CF2B444E20E23C07006104AF /* UIRefreshControl+AFNetworking.h */,
				CF2B444F20E23C07006104AF /* UIButton+AFNetworking.m */,
				CF2B445020E23C07006104AF /* UIActivityIndicatorView+AFNetworking.m */,
				CF2B445120E23C07006104AF /* UIWebView+AFNetworking.m */,
				CF2B445220E23C07006104AF /* AFNetworkActivityIndicatorManager.h */,
			);
			path = "UIKit+AFNetworking";
			sourceTree = "<group>";
		};
		CF2B445320E23C07006104AF /* AFNetworking */ = {
			isa = PBXGroup;
			children = (
				CF2B445420E23C07006104AF /* AFSecurityPolicy.h */,
				CF2B445520E23C07006104AF /* AFNetworkReachabilityManager.h */,
				CF2B445620E23C07006104AF /* AFHTTPRequestOperation.h */,
				CF2B445720E23C07006104AF /* AFHTTPRequestOperationManager.h */,
				CF2B445820E23C07006104AF /* AFURLSessionManager.h */,
				CF2B445920E23C07006104AF /* AFURLRequestSerialization.h */,
				CF2B445A20E23C07006104AF /* AFURLConnectionOperation.h */,
				CF2B445B20E23C07006104AF /* AFURLResponseSerialization.m */,
				CF2B445C20E23C07006104AF /* AFHTTPSessionManager.m */,
				CF2B445D20E23C07006104AF /* AFURLConnectionOperation.m */,
				CF2B445E20E23C07006104AF /* AFURLResponseSerialization.h */,
				CF2B445F20E23C07006104AF /* AFURLSessionManager.m */,
				CF2B446020E23C07006104AF /* AFHTTPRequestOperationManager.m */,
				CF2B446120E23C07006104AF /* AFURLRequestSerialization.m */,
				CF2B446220E23C07006104AF /* AFHTTPRequestOperation.m */,
				CF2B446320E23C07006104AF /* AFNetworking.h */,
				CF2B446420E23C07006104AF /* AFNetworkReachabilityManager.m */,
				CF2B446520E23C07006104AF /* AFSecurityPolicy.m */,
				CF2B446620E23C07006104AF /* AFHTTPSessionManager.h */,
			);
			path = AFNetworking;
			sourceTree = "<group>";
		};
		CF2B447A20E3408B006104AF /* SDWebImage */ = {
			isa = PBXGroup;
			children = (
				CF2B447B20E3408B006104AF /* LICENSE */,
				CF2B447C20E3408B006104AF /* README.md */,
				CF2B447D20E3408B006104AF /* SDWebImage */,
			);
			path = SDWebImage;
			sourceTree = "<group>";
		};
		CF2B447D20E3408B006104AF /* SDWebImage */ = {
			isa = PBXGroup;
			children = (
				CF2B447E20E3408B006104AF /* UIImageView+WebCache.h */,
				CF2B447F20E3408B006104AF /* NSData+ImageContentType.h */,
				CF2B448020E3408B006104AF /* SDWebImageManager.m */,
				CF2B448120E3408B006104AF /* SDWebImageDecoder.m */,
				CF2B448220E3408B006104AF /* SDWebImageDownloaderOperation.h */,
				CF2B448320E3408B006104AF /* UIImageView+HighlightedWebCache.m */,
				CF2B448420E3408B006104AF /* SDImageCache.h */,
				CF2B448520E3408B006104AF /* SDWebImageDownloader.m */,
				CF2B448620E3408B006104AF /* UIImage+GIF.m */,
				CF2B448720E3408B006104AF /* UIButton+WebCache.h */,
				CF2B448820E3408B006104AF /* UIImage+MultiFormat.m */,
				CF2B448920E3408B006104AF /* SDWebImageCompat.m */,
				CF2B448A20E3408B006104AF /* SDWebImagePrefetcher.m */,
				CF2B448B20E3408B006104AF /* UIView+WebCacheOperation.h */,
				CF2B448C20E3408B006104AF /* SDImageCache.m */,
				CF2B448D20E3408B006104AF /* UIImageView+HighlightedWebCache.h */,
				CF2B448E20E3408B006104AF /* SDWebImageDownloaderOperation.m */,
				CF2B448F20E3408B006104AF /* SDWebImageDecoder.h */,
				CF2B449020E3408B006104AF /* SDWebImageManager.h */,
				CF2B449120E3408B006104AF /* NSData+ImageContentType.m */,
				CF2B449220E3408B006104AF /* UIImageView+WebCache.m */,
				CF2B449320E3408B006104AF /* SDWebImageOperation.h */,
				CF2B449420E3408B006104AF /* SDWebImageDownloader.h */,
				CF2B449520E3408B006104AF /* UIView+WebCacheOperation.m */,
				CF2B449620E3408B006104AF /* SDWebImagePrefetcher.h */,
				CF2B449720E3408B006104AF /* SDWebImageCompat.h */,
				CF2B449820E3408B006104AF /* UIImage+MultiFormat.h */,
				CF2B449920E3408B006104AF /* UIButton+WebCache.m */,
				CF2B449A20E3408B006104AF /* UIImage+GIF.h */,
			);
			path = SDWebImage;
			sourceTree = "<group>";
		};
/* End PBXGroup section */

/* Begin PBXNativeTarget section */
		CF2B43BD20DF4912006104AF /* SAVPlayer */ = {
			isa = PBXNativeTarget;
			buildConfigurationList = CF2B43EA20DF4916006104AF /* Build configuration list for PBXNativeTarget "SAVPlayer" */;
			buildPhases = (
				CF2B43BA20DF4912006104AF /* Sources */,
				CF2B43BB20DF4912006104AF /* Frameworks */,
				CF2B43BC20DF4912006104AF /* Resources */,
			);
			buildRules = (
			);
			dependencies = (
			);
			name = SAVPlayer;
			productName = SAVPlayer;
			productReference = CF2B43BE20DF4912006104AF /* SAVPlayer.app */;
			productType = "com.apple.product-type.application";
		};
		CF2B43D520DF4916006104AF /* SAVPlayerTests */ = {
			isa = PBXNativeTarget;
			buildConfigurationList = CF2B43ED20DF4916006104AF /* Build configuration list for PBXNativeTarget "SAVPlayerTests" */;
			buildPhases = (
				CF2B43D220DF4916006104AF /* Sources */,
				CF2B43D320DF4916006104AF /* Frameworks */,
				CF2B43D420DF4916006104AF /* Resources */,
			);
			buildRules = (
			);
			dependencies = (
				CF2B43D820DF4916006104AF /* PBXTargetDependency */,
			);
			name = SAVPlayerTests;
			productName = SAVPlayerTests;
			productReference = CF2B43D620DF4916006104AF /* SAVPlayerTests.xctest */;
			productType = "com.apple.product-type.bundle.unit-test";
		};
		CF2B43E020DF4916006104AF /* SAVPlayerUITests */ = {
			isa = PBXNativeTarget;
			buildConfigurationList = CF2B43F020DF4916006104AF /* Build configuration list for PBXNativeTarget "SAVPlayerUITests" */;
			buildPhases = (
				CF2B43DD20DF4916006104AF /* Sources */,
				CF2B43DE20DF4916006104AF /* Frameworks */,
				CF2B43DF20DF4916006104AF /* Resources */,
			);
			buildRules = (
			);
			dependencies = (
				CF2B43E320DF4916006104AF /* PBXTargetDependency */,
			);
			name = SAVPlayerUITests;
			productName = SAVPlayerUITests;
			productReference = CF2B43E120DF4916006104AF /* SAVPlayerUITests.xctest */;
			productType = "com.apple.product-type.bundle.ui-testing";
		};
/* End PBXNativeTarget section */

/* Begin PBXProject section */
		CF2B43B620DF4912006104AF /* Project object */ = {
			isa = PBXProject;
			attributes = {
				LastUpgradeCheck = 0930;
				ORGANIZATIONNAME = Superman;
				TargetAttributes = {
					CF2B43BD20DF4912006104AF = {
						CreatedOnToolsVersion = 9.3;
					};
					CF2B43D520DF4916006104AF = {
						CreatedOnToolsVersion = 9.3;
						TestTargetID = CF2B43BD20DF4912006104AF;
					};
					CF2B43E020DF4916006104AF = {
						CreatedOnToolsVersion = 9.3;
						TestTargetID = CF2B43BD20DF4912006104AF;
					};
				};
			};
			buildConfigurationList = CF2B43B920DF4912006104AF /* Build configuration list for PBXProject "SAVPlayer" */;
			compatibilityVersion = "Xcode 9.3";
			developmentRegion = en;
			hasScannedForEncodings = 0;
			knownRegions = (
				en,
				Base,
			);
			mainGroup = CF2B43B520DF4912006104AF;
			productRefGroup = CF2B43BF20DF4912006104AF /* Products */;
			projectDirPath = "";
			projectRoot = "";
			targets = (
				CF2B43BD20DF4912006104AF /* SAVPlayer */,
				CF2B43D520DF4916006104AF /* SAVPlayerTests */,
				CF2B43E020DF4916006104AF /* SAVPlayerUITests */,
			);
		};
/* End PBXProject section */

/* Begin PBXResourcesBuildPhase section */
		CF2B43BC20DF4912006104AF /* Resources */ = {
			isa = PBXResourcesBuildPhase;
			buildActionMask = 2147483647;
			files = (
				CF2B446820E23C07006104AF /* README.md in Resources */,
				CF2B442E20E1E621006104AF /* PlayerTool.bundle in Resources */,
				CF2B43CE20DF4915006104AF /* LaunchScreen.storyboard in Resources */,
				CF2B449B20E3408B006104AF /* LICENSE in Resources */,
				CF2B43CB20DF4915006104AF /* Assets.xcassets in Resources */,
				CF2B43C920DF4912006104AF /* Main.storyboard in Resources */,
				CF2B449C20E3408C006104AF /* README.md in Resources */,
				CF2B446720E23C07006104AF /* LICENSE in Resources */,
			);
			runOnlyForDeploymentPostprocessing = 0;
		};
		CF2B43D420DF4916006104AF /* Resources */ = {
			isa = PBXResourcesBuildPhase;
			buildActionMask = 2147483647;
			files = (
			);
			runOnlyForDeploymentPostprocessing = 0;
		};
		CF2B43DF20DF4916006104AF /* Resources */ = {
			isa = PBXResourcesBuildPhase;
			buildActionMask = 2147483647;
			files = (
			);
			runOnlyForDeploymentPostprocessing = 0;
		};
/* End PBXResourcesBuildPhase section */

/* Begin PBXSourcesBuildPhase section */
		CF2B43BA20DF4912006104AF /* Sources */ = {
			isa = PBXSourcesBuildPhase;
			buildActionMask = 2147483647;
			files = (
				CF2B447920E23C07006104AF /* AFSecurityPolicy.m in Sources */,
				CF2B447720E23C07006104AF /* AFHTTPRequestOperation.m in Sources */,
				CF2B442320E1E5D8006104AF /* NSLayoutConstraint+MASDebugAdditions.m in Sources */,
				CF2B43FF20E1E49C006104AF /* SPlayerProgressView.m in Sources */,
				CF2B446F20E23C07006104AF /* UIActivityIndicatorView+AFNetworking.m in Sources */,
				CF2B442A20E1E5D8006104AF /* MASConstraint.m in Sources */,
				CF2B449F20E3408C006104AF /* UIImageView+HighlightedWebCache.m in Sources */,
				CF2B447120E23C07006104AF /* AFURLResponseSerialization.m in Sources */,
				CF2B447020E23C07006104AF /* UIWebView+AFNetworking.m in Sources */,
				CF2B442B20E1E5D8006104AF /* MASViewConstraint.m in Sources */,
				CF2B442420E1E5D8006104AF /* ViewController+MASAdditions.m in Sources */,
				CF2B442C20E1E5D8006104AF /* MASViewAttribute.m in Sources */,
				CF2B447420E23C07006104AF /* AFURLSessionManager.m in Sources */,
				CF2B446D20E23C07006104AF /* UIImageView+AFNetworking.m in Sources */,
				CF2B43C620DF4912006104AF /* ViewController.m in Sources */,
				CF2B443120E235E9006104AF /* SVideo.m in Sources */,
				CF2B44A920E3408C006104AF /* UIView+WebCacheOperation.m in Sources */,
				CF2B449D20E3408C006104AF /* SDWebImageManager.m in Sources */,
				CF2B442520E1E5D8006104AF /* MASCompositeConstraint.m in Sources */,
				CF2B442920E1E5D8006104AF /* View+MASAdditions.m in Sources */,
				CF2B44A020E3408C006104AF /* SDWebImageDownloader.m in Sources */,
				CF2B447320E23C07006104AF /* AFURLConnectionOperation.m in Sources */,
				CF2B43FC20E1E458006104AF /* SPlayerViewBottomView.m in Sources */,
				CF2B447220E23C07006104AF /* AFHTTPSessionManager.m in Sources */,
				CF2B440220E1E4C2006104AF /* SPlayerView.m in Sources */,
				CF2B446C20E23C07006104AF /* AFNetworkActivityIndicatorManager.m in Sources */,
				CF2B44A320E3408C006104AF /* SDWebImageCompat.m in Sources */,
				CF2B446A20E23C07006104AF /* UIProgressView+AFNetworking.m in Sources */,
				CF2B447820E23C07006104AF /* AFNetworkReachabilityManager.m in Sources */,
				CF2B442720E1E5D8006104AF /* MASLayoutConstraint.m in Sources */,
				CF2B446B20E23C07006104AF /* UIRefreshControl+AFNetworking.m in Sources */,
				CF2B442620E1E5D8006104AF /* MASConstraintMaker.m in Sources */,
				CF2B43F520E1E2F4006104AF /* SVideoCell.m in Sources */,
				CF2B440520E1E505006104AF /* SForwardView.m in Sources */,
				CF2B449E20E3408C006104AF /* SDWebImageDecoder.m in Sources */,
				CF2B43D120DF4915006104AF /* main.m in Sources */,
				CF2B442820E1E5D8006104AF /* NSArray+MASAdditions.m in Sources */,
				CF2B43F920E1E40F006104AF /* SPlayer.m in Sources */,
				CF2B446920E23C07006104AF /* UIAlertView+AFNetworking.m in Sources */,
				CF2B443920E23637006104AF /* YYClassInfo.m in Sources */,
				CF2B44A120E3408C006104AF /* UIImage+GIF.m in Sources */,
				CF2B447620E23C07006104AF /* AFURLRequestSerialization.m in Sources */,
				CF2B447520E23C07006104AF /* AFHTTPRequestOperationManager.m in Sources */,
				CF2B44A720E3408C006104AF /* NSData+ImageContentType.m in Sources */,
				CF2B44A820E3408C006104AF /* UIImageView+WebCache.m in Sources */,
				CF2B44A620E3408C006104AF /* SDWebImageDownloaderOperation.m in Sources */,
				CF2B443820E23637006104AF /* NSObject+YYModel.m in Sources */,
				CF2B44AA20E3408C006104AF /* UIButton+WebCache.m in Sources */,
				CF2B44A420E3408C006104AF /* SDWebImagePrefetcher.m in Sources */,
				CF2B446E20E23C07006104AF /* UIButton+AFNetworking.m in Sources */,
				CF2B443C20E239AB006104AF /* SVideoPlayController.m in Sources */,
				CF2B44A220E3408C006104AF /* UIImage+MultiFormat.m in Sources */,
				CF2B440820E1E524006104AF /* SPlayerViewTopView.m in Sources */,
				CF2B43C320DF4912006104AF /* AppDelegate.m in Sources */,
				CF2B44A520E3408C006104AF /* SDImageCache.m in Sources */,
			);
			runOnlyForDeploymentPostprocessing = 0;
		};
		CF2B43D220DF4916006104AF /* Sources */ = {
			isa = PBXSourcesBuildPhase;
			buildActionMask = 2147483647;
			files = (
				CF2B43DB20DF4916006104AF /* SAVPlayerTests.m in Sources */,
			);
			runOnlyForDeploymentPostprocessing = 0;
		};
		CF2B43DD20DF4916006104AF /* Sources */ = {
			isa = PBXSourcesBuildPhase;
			buildActionMask = 2147483647;
			files = (
				CF2B43E620DF4916006104AF /* SAVPlayerUITests.m in Sources */,
			);
			runOnlyForDeploymentPostprocessing = 0;
		};
/* End PBXSourcesBuildPhase section */

/* Begin PBXTargetDependency section */
		CF2B43D820DF4916006104AF /* PBXTargetDependency */ = {
			isa = PBXTargetDependency;
			target = CF2B43BD20DF4912006104AF /* SAVPlayer */;
			targetProxy = CF2B43D720DF4916006104AF /* PBXContainerItemProxy */;
		};
		CF2B43E320DF4916006104AF /* PBXTargetDependency */ = {
			isa = PBXTargetDependency;
			target = CF2B43BD20DF4912006104AF /* SAVPlayer */;
			targetProxy = CF2B43E220DF4916006104AF /* PBXContainerItemProxy */;
		};
/* End PBXTargetDependency section */

/* Begin PBXVariantGroup section */
		CF2B43C720DF4912006104AF /* Main.storyboard */ = {
			isa = PBXVariantGroup;
			children = (
				CF2B43C820DF4912006104AF /* Base */,
			);
			name = Main.storyboard;
			sourceTree = "<group>";
		};
		CF2B43CC20DF4915006104AF /* LaunchScreen.storyboard */ = {
			isa = PBXVariantGroup;
			children = (
				CF2B43CD20DF4915006104AF /* Base */,
			);
			name = LaunchScreen.storyboard;
			sourceTree = "<group>";
		};
/* End PBXVariantGroup section */

/* Begin XCBuildConfiguration section */
		CF2B43E820DF4916006104AF /* Debug */ = {
			isa = XCBuildConfiguration;
			buildSettings = {
				ALWAYS_SEARCH_USER_PATHS = NO;
				CLANG_ANALYZER_NONNULL = YES;
				CLANG_ANALYZER_NUMBER_OBJECT_CONVERSION = YES_AGGRESSIVE;
				CLANG_CXX_LANGUAGE_STANDARD = "gnu++14";
				CLANG_CXX_LIBRARY = "libc++";
				CLANG_ENABLE_MODULES = YES;
				CLANG_ENABLE_OBJC_ARC = YES;
				CLANG_ENABLE_OBJC_WEAK = YES;
				CLANG_WARN_BLOCK_CAPTURE_AUTORELEASING = YES;
				CLANG_WARN_BOOL_CONVERSION = YES;
				CLANG_WARN_COMMA = YES;
				CLANG_WARN_CONSTANT_CONVERSION = YES;
				CLANG_WARN_DEPRECATED_OBJC_IMPLEMENTATIONS = YES;
				CLANG_WARN_DIRECT_OBJC_ISA_USAGE = YES_ERROR;
				CLANG_WARN_DOCUMENTATION_COMMENTS = YES;
				CLANG_WARN_EMPTY_BODY = YES;
				CLANG_WARN_ENUM_CONVERSION = YES;
				CLANG_WARN_INFINITE_RECURSION = YES;
				CLANG_WARN_INT_CONVERSION = YES;
				CLANG_WARN_NON_LITERAL_NULL_CONVERSION = YES;
				CLANG_WARN_OBJC_IMPLICIT_RETAIN_SELF = YES;
				CLANG_WARN_OBJC_LITERAL_CONVERSION = YES;
				CLANG_WARN_OBJC_ROOT_CLASS = YES_ERROR;
				CLANG_WARN_RANGE_LOOP_ANALYSIS = YES;
				CLANG_WARN_STRICT_PROTOTYPES = YES;
				CLANG_WARN_SUSPICIOUS_MOVE = YES;
				CLANG_WARN_UNGUARDED_AVAILABILITY = YES_AGGRESSIVE;
				CLANG_WARN_UNREACHABLE_CODE = YES;
				CLANG_WARN__DUPLICATE_METHOD_MATCH = YES;
				CODE_SIGN_IDENTITY = "iPhone Developer";
				COPY_PHASE_STRIP = NO;
				DEBUG_INFORMATION_FORMAT = dwarf;
				ENABLE_STRICT_OBJC_MSGSEND = YES;
				ENABLE_TESTABILITY = YES;
				GCC_C_LANGUAGE_STANDARD = gnu11;
				GCC_DYNAMIC_NO_PIC = NO;
				GCC_NO_COMMON_BLOCKS = YES;
				GCC_OPTIMIZATION_LEVEL = 0;
				GCC_PREPROCESSOR_DEFINITIONS = (
					"DEBUG=1",
					"$(inherited)",
				);
				GCC_WARN_64_TO_32_BIT_CONVERSION = YES;
				GCC_WARN_ABOUT_RETURN_TYPE = YES_ERROR;
				GCC_WARN_UNDECLARED_SELECTOR = YES;
				GCC_WARN_UNINITIALIZED_AUTOS = YES_AGGRESSIVE;
				GCC_WARN_UNUSED_FUNCTION = YES;
				GCC_WARN_UNUSED_VARIABLE = YES;
				IPHONEOS_DEPLOYMENT_TARGET = 11.3;
				MTL_ENABLE_DEBUG_INFO = YES;
				ONLY_ACTIVE_ARCH = YES;
				SDKROOT = iphoneos;
			};
			name = Debug;
		};
		CF2B43E920DF4916006104AF /* Release */ = {
			isa = XCBuildConfiguration;
			buildSettings = {
				ALWAYS_SEARCH_USER_PATHS = NO;
				CLANG_ANALYZER_NONNULL = YES;
				CLANG_ANALYZER_NUMBER_OBJECT_CONVERSION = YES_AGGRESSIVE;
				CLANG_CXX_LANGUAGE_STANDARD = "gnu++14";
				CLANG_CXX_LIBRARY = "libc++";
				CLANG_ENABLE_MODULES = YES;
				CLANG_ENABLE_OBJC_ARC = YES;
				CLANG_ENABLE_OBJC_WEAK = YES;
				CLANG_WARN_BLOCK_CAPTURE_AUTORELEASING = YES;
				CLANG_WARN_BOOL_CONVERSION = YES;
				CLANG_WARN_COMMA = YES;
				CLANG_WARN_CONSTANT_CONVERSION = YES;
				CLANG_WARN_DEPRECATED_OBJC_IMPLEMENTATIONS = YES;
				CLANG_WARN_DIRECT_OBJC_ISA_USAGE = YES_ERROR;
				CLANG_WARN_DOCUMENTATION_COMMENTS = YES;
				CLANG_WARN_EMPTY_BODY = YES;
				CLANG_WARN_ENUM_CONVERSION = YES;
				CLANG_WARN_INFINITE_RECURSION = YES;
				CLANG_WARN_INT_CONVERSION = YES;
				CLANG_WARN_NON_LITERAL_NULL_CONVERSION = YES;
				CLANG_WARN_OBJC_IMPLICIT_RETAIN_SELF = YES;
				CLANG_WARN_OBJC_LITERAL_CONVERSION = YES;
				CLANG_WARN_OBJC_ROOT_CLASS = YES_ERROR;
				CLANG_WARN_RANGE_LOOP_ANALYSIS = YES;
				CLANG_WARN_STRICT_PROTOTYPES = YES;
				CLANG_WARN_SUSPICIOUS_MOVE = YES;
				CLANG_WARN_UNGUARDED_AVAILABILITY = YES_AGGRESSIVE;
				CLANG_WARN_UNREACHABLE_CODE = YES;
				CLANG_WARN__DUPLICATE_METHOD_MATCH = YES;
				CODE_SIGN_IDENTITY = "iPhone Developer";
				COPY_PHASE_STRIP = NO;
				DEBUG_INFORMATION_FORMAT = "dwarf-with-dsym";
				ENABLE_NS_ASSERTIONS = NO;
				ENABLE_STRICT_OBJC_MSGSEND = YES;
				GCC_C_LANGUAGE_STANDARD = gnu11;
				GCC_NO_COMMON_BLOCKS = YES;
				GCC_WARN_64_TO_32_BIT_CONVERSION = YES;
				GCC_WARN_ABOUT_RETURN_TYPE = YES_ERROR;
				GCC_WARN_UNDECLARED_SELECTOR = YES;
				GCC_WARN_UNINITIALIZED_AUTOS = YES_AGGRESSIVE;
				GCC_WARN_UNUSED_FUNCTION = YES;
				GCC_WARN_UNUSED_VARIABLE = YES;
				IPHONEOS_DEPLOYMENT_TARGET = 11.3;
				MTL_ENABLE_DEBUG_INFO = NO;
				SDKROOT = iphoneos;
				VALIDATE_PRODUCT = YES;
			};
			name = Release;
		};
		CF2B43EB20DF4916006104AF /* Debug */ = {
			isa = XCBuildConfiguration;
			buildSettings = {
				ASSETCATALOG_COMPILER_APPICON_NAME = AppIcon;
				CODE_SIGN_STYLE = Automatic;
				DEVELOPMENT_TEAM = 78S8WECG83;
				INFOPLIST_FILE = SAVPlayer/Info.plist;
				IPHONEOS_DEPLOYMENT_TARGET = 10.2;
				LD_RUNPATH_SEARCH_PATHS = (
					"$(inherited)",
					"@executable_path/Frameworks",
				);
				PRODUCT_BUNDLE_IDENTIFIER = ffd.SAVPlayer;
				PRODUCT_NAME = "$(TARGET_NAME)";
				TARGETED_DEVICE_FAMILY = "1,2";
			};
			name = Debug;
		};
		CF2B43EC20DF4916006104AF /* Release */ = {
			isa = XCBuildConfiguration;
			buildSettings = {
				ASSETCATALOG_COMPILER_APPICON_NAME = AppIcon;
				CODE_SIGN_STYLE = Automatic;
				DEVELOPMENT_TEAM = 78S8WECG83;
				INFOPLIST_FILE = SAVPlayer/Info.plist;
				IPHONEOS_DEPLOYMENT_TARGET = 10.2;
				LD_RUNPATH_SEARCH_PATHS = (
					"$(inherited)",
					"@executable_path/Frameworks",
				);
				PRODUCT_BUNDLE_IDENTIFIER = ffd.SAVPlayer;
				PRODUCT_NAME = "$(TARGET_NAME)";
				TARGETED_DEVICE_FAMILY = "1,2";
			};
			name = Release;
		};
		CF2B43EE20DF4916006104AF /* Debug */ = {
			isa = XCBuildConfiguration;
			buildSettings = {
				BUNDLE_LOADER = "$(TEST_HOST)";
				CODE_SIGN_STYLE = Automatic;
				INFOPLIST_FILE = SAVPlayerTests/Info.plist;
				LD_RUNPATH_SEARCH_PATHS = (
					"$(inherited)",
					"@executable_path/Frameworks",
					"@loader_path/Frameworks",
				);
				PRODUCT_BUNDLE_IDENTIFIER = ffd.SAVPlayerTests;
				PRODUCT_NAME = "$(TARGET_NAME)";
				TARGETED_DEVICE_FAMILY = "1,2";
				TEST_HOST = "$(BUILT_PRODUCTS_DIR)/SAVPlayer.app/SAVPlayer";
			};
			name = Debug;
		};
		CF2B43EF20DF4916006104AF /* Release */ = {
			isa = XCBuildConfiguration;
			buildSettings = {
				BUNDLE_LOADER = "$(TEST_HOST)";
				CODE_SIGN_STYLE = Automatic;
				INFOPLIST_FILE = SAVPlayerTests/Info.plist;
				LD_RUNPATH_SEARCH_PATHS = (
					"$(inherited)",
					"@executable_path/Frameworks",
					"@loader_path/Frameworks",
				);
				PRODUCT_BUNDLE_IDENTIFIER = ffd.SAVPlayerTests;
				PRODUCT_NAME = "$(TARGET_NAME)";
				TARGETED_DEVICE_FAMILY = "1,2";
				TEST_HOST = "$(BUILT_PRODUCTS_DIR)/SAVPlayer.app/SAVPlayer";
			};
			name = Release;
		};
		CF2B43F120DF4916006104AF /* Debug */ = {
			isa = XCBuildConfiguration;
			buildSettings = {
				CODE_SIGN_STYLE = Automatic;
				INFOPLIST_FILE = SAVPlayerUITests/Info.plist;
				LD_RUNPATH_SEARCH_PATHS = (
					"$(inherited)",
					"@executable_path/Frameworks",
					"@loader_path/Frameworks",
				);
				PRODUCT_BUNDLE_IDENTIFIER = ffd.SAVPlayerUITests;
				PRODUCT_NAME = "$(TARGET_NAME)";
				TARGETED_DEVICE_FAMILY = "1,2";
				TEST_TARGET_NAME = SAVPlayer;
			};
			name = Debug;
		};
		CF2B43F220DF4916006104AF /* Release */ = {
			isa = XCBuildConfiguration;
			buildSettings = {
				CODE_SIGN_STYLE = Automatic;
				INFOPLIST_FILE = SAVPlayerUITests/Info.plist;
				LD_RUNPATH_SEARCH_PATHS = (
					"$(inherited)",
					"@executable_path/Frameworks",
					"@loader_path/Frameworks",
				);
				PRODUCT_BUNDLE_IDENTIFIER = ffd.SAVPlayerUITests;
				PRODUCT_NAME = "$(TARGET_NAME)";
				TARGETED_DEVICE_FAMILY = "1,2";
				TEST_TARGET_NAME = SAVPlayer;
			};
			name = Release;
		};
/* End XCBuildConfiguration section */

/* Begin XCConfigurationList section */
		CF2B43B920DF4912006104AF /* Build configuration list for PBXProject "SAVPlayer" */ = {
			isa = XCConfigurationList;
			buildConfigurations = (
				CF2B43E820DF4916006104AF /* Debug */,
				CF2B43E920DF4916006104AF /* Release */,
			);
			defaultConfigurationIsVisible = 0;
			defaultConfigurationName = Release;
		};
		CF2B43EA20DF4916006104AF /* Build configuration list for PBXNativeTarget "SAVPlayer" */ = {
			isa = XCConfigurationList;
			buildConfigurations = (
				CF2B43EB20DF4916006104AF /* Debug */,
				CF2B43EC20DF4916006104AF /* Release */,
			);
			defaultConfigurationIsVisible = 0;
			defaultConfigurationName = Release;
		};
		CF2B43ED20DF4916006104AF /* Build configuration list for PBXNativeTarget "SAVPlayerTests" */ = {
			isa = XCConfigurationList;
			buildConfigurations = (
				CF2B43EE20DF4916006104AF /* Debug */,
				CF2B43EF20DF4916006104AF /* Release */,
			);
			defaultConfigurationIsVisible = 0;
			defaultConfigurationName = Release;
		};
		CF2B43F020DF4916006104AF /* Build configuration list for PBXNativeTarget "SAVPlayerUITests" */ = {
			isa = XCConfigurationList;
			buildConfigurations = (
				CF2B43F120DF4916006104AF /* Debug */,
				CF2B43F220DF4916006104AF /* Release */,
			);
			defaultConfigurationIsVisible = 0;
			defaultConfigurationName = Release;
		};
/* End XCConfigurationList section */
	};
	rootObject = CF2B43B620DF4912006104AF /* Project object */;
}
